# This file is automatically @generated by Wally.
# It is not intended for manual editing.
registry = "test"

[[package]]
name = "ffrostflame/rblxos"
version = "0.2.0"
dependencies = []

[[package]]
name = "ffrostflame/rblxosnet"
version = "0.1.0"
dependencies = [["rblxos", "ffrostflame/rblxos@0.2.0"]]
